
Microsoft Visual Studio Solution File, Format Version 12.00
# Visual Studio Version 17
VisualStudioVersion = 17.7.34031.279
MinimumVisualStudioVersion = 10.0.40219.1
Project("{FAE04EC0-301F-11D3-BF4B-00C04F79EFBC}") = "Schemator", "Schemator\Schemator.csproj", "{C1CCE5AA-FC19-4218-822E-A0ADD49F55D9}"
EndProject
Global
	GlobalSection(SolutionConfigurationPlatforms) = preSolution
		Debug|Any CPU = Debug|Any CPU
		Release|Any CPU = Release|Any CPU
	EndGlobalSection
	GlobalSection(ProjectConfigurationPlatforms) = postSolution
		{C1CCE5AA-FC19-4218-822E-A0ADD49F55D9}.Debug|Any CPU.ActiveCfg = Debug|Any CPU
		{C1CCE5AA-FC19-4218-822E-A0ADD49F55D9}.Debug|Any CPU.Build.0 = Debug|Any CPU
		{C1CCE5AA-FC19-4218-822E-A0ADD49F55D9}.Release|Any CPU.ActiveCfg = Release|Any CPU
		{C1CCE5AA-FC19-4218-822E-A0ADD49F55D9}.Release|Any CPU.Build.0 = Release|Any CPU
	EndGlobalSection
	GlobalSection(SolutionProperties) = preSolution
		HideSolutionNode = FALSE
	EndGlobalSection
	GlobalSection(ExtensibilityGlobals) = postSolution
		SolutionGuid = {070A3DBE-6974-472F-9713-31752E7A8E32}
	EndGlobalSection
EndGlobal
